
Microsoft Visual Studio Solution File, Format Version 12.00
# Visual Studio Version 17
VisualStudioVersion = 17.7.34202.233
MinimumVisualStudioVersion = 10.0.40219.1
Project("{FAE04EC0-301F-11D3-BF4B-00C04F79EFBC}") = "Task_1", "Task_1\Task_1.csproj", "{4374F475-F493-4EB0-8746-65AC330A2A76}"
EndProject
Project("{FAE04EC0-301F-11D3-BF4B-00C04F79EFBC}") = "Task_2", "Task_2\Task_2.csproj", "{2E3F24E3-A87E-4C7E-8916-FA665195D099}"
EndProject
Project("{FAE04EC0-301F-11D3-BF4B-00C04F79EFBC}") = "Task_3", "Task_3\Task_3.csproj", "{0AA2FA63-6CC8-4C21-92AB-271260941494}"
EndProject
Global
	GlobalSection(SolutionConfigurationPlatforms) = preSolution
		Debug|Any CPU = Debug|Any CPU
		Release|Any CPU = Release|Any CPU
	EndGlobalSection
	GlobalSection(ProjectConfigurationPlatforms) = postSolution
		{4374F475-F493-4EB0-8746-65AC330A2A76}.Debug|Any CPU.ActiveCfg = Debug|Any CPU
		{4374F475-F493-4EB0-8746-65AC330A2A76}.Debug|Any CPU.Build.0 = Debug|Any CPU
		{4374F475-F493-4EB0-8746-65AC330A2A76}.Release|Any CPU.ActiveCfg = Release|Any CPU
		{4374F475-F493-4EB0-8746-65AC330A2A76}.Release|Any CPU.Build.0 = Release|Any CPU
		{2E3F24E3-A87E-4C7E-8916-FA665195D099}.Debug|Any CPU.ActiveCfg = Debug|Any CPU
		{2E3F24E3-A87E-4C7E-8916-FA665195D099}.Debug|Any CPU.Build.0 = Debug|Any CPU
		{2E3F24E3-A87E-4C7E-8916-FA665195D099}.Release|Any CPU.ActiveCfg = Release|Any CPU
		{2E3F24E3-A87E-4C7E-8916-FA665195D099}.Release|Any CPU.Build.0 = Release|Any CPU
		{0AA2FA63-6CC8-4C21-92AB-271260941494}.Debug|Any CPU.ActiveCfg = Debug|Any CPU
		{0AA2FA63-6CC8-4C21-92AB-271260941494}.Debug|Any CPU.Build.0 = Debug|Any CPU
		{0AA2FA63-6CC8-4C21-92AB-271260941494}.Release|Any CPU.ActiveCfg = Release|Any CPU
		{0AA2FA63-6CC8-4C21-92AB-271260941494}.Release|Any CPU.Build.0 = Release|Any CPU
	EndGlobalSection
	GlobalSection(SolutionProperties) = preSolution
		HideSolutionNode = FALSE
	EndGlobalSection
	GlobalSection(ExtensibilityGlobals) = postSolution
		SolutionGuid = {D67A1174-2682-4878-8E20-6C66B954DDA7}
	EndGlobalSection
EndGlobal
